{
  "name": "integral_h5_frontend",
  "version": "1.0.0",
  "lockfileVersion": 1,
  "requires": true,
  "dependencies": {
    "@dcloudio/uni-app": {
      "version": "2.0.2-4040520250103001",
      "resolved": "https://registry.npmmirror.com/@dcloudio/uni-app/-/uni-app-2.0.2-4040520250103001.tgz",
      "integrity": "sha512-Ii0+Ad7qrOJQikj2IJCg+DjoXmxonx3+Ewp3cWdJxbBReVv0AKtVWBwfGStUOyMMg7aWKnRZAya9HtiGQxMmqA==",
      "dev": true
    },
    "add": {
      "version": "2.0.6",
      "resolved": "https://registry.npmjs.org/add/-/add-2.0.6.tgz",
      "integrity": "sha512-j5QzrmsokwWWp6kUcJQySpbG+xfOBqqKnup3OIk1pz+kB/80SLorZ9V8zHFLO92Lcd+hbvq8bT+zOGoPkmBV0Q=="
    }
  }
}
