{
  "name": "integral_h5_frontend",
  "version": "1.0.0",
  "lockfileVersion": 3,
  "requires": true,
  "packages": {
    "": {
      "name": "integral_h5_frontend",
      "version": "1.0.0",
      "license": "ISC",
      "dependencies": {
        "add": "^2.0.6",
        "vue-cli-service": "^5.0.10"
      },
      "devDependencies": {
        "@dcloudio/uni-app": "^2.0.2-4040520250103001"
      }
    },
    "node_modules/@dcloudio/types": {
      "version": "3.4.14",
      "resolved": "https://registry.npmjs.org/@dcloudio/types/-/types-3.4.14.tgz",
      "integrity": "sha512-VolQeZfTh8pQFsr2IlfIVX93blfvGTuBoJuZUc7iWOqtHV8gDrq6fXLhzsVlgZyuhhRZLOxlo33rkEqnY+ucAw==",
      "dev": true,
      "license": "Apache-2.0",
      "peer": true
    },
    "node_modules/@dcloudio/uni-app": {
      "version": "2.0.2-4040520250103001",
      "resolved": "https://registry.npmjs.org/@dcloudio/uni-app/-/uni-app-2.0.2-4040520250103001.tgz",
      "integrity": "sha512-Ii0+Ad7qrOJQikj2IJCg+DjoXmxonx3+Ewp3cWdJxbBReVv0AKtVWBwfGStUOyMMg7aWKnRZAya9HtiGQxMmqA==",
      "dev": true,
      "license": "Apache-2.0",
      "peerDependencies": {
        "@dcloudio/types": "^3.0.15",
        "@vue/composition-api": "^1.7.0"
      }
    },
    "node_modules/@vue/composition-api": {
      "version": "1.7.2",
      "resolved": "https://registry.npmjs.org/@vue/composition-api/-/composition-api-1.7.2.tgz",
      "integrity": "sha512-M8jm9J/laYrYT02665HkZ5l2fWTK4dcVg3BsDHm/pfz+MjDYwX+9FUaZyGwEyXEDonQYRCo0H7aLgdklcIELjw==",
      "dev": true,
      "license": "MIT",
      "peer": true,
      "peerDependencies": {
        "vue": ">= 2.5 < 2.7"
      }
    },
    "node_modules/add": {
      "version": "2.0.6",
      "resolved": "https://registry.npmjs.org/add/-/add-2.0.6.tgz",
      "integrity": "sha512-j5QzrmsokwWWp6kUcJQySpbG+xfOBqqKnup3OIk1pz+kB/80SLorZ9V8zHFLO92Lcd+hbvq8bT+zOGoPkmBV0Q==",
      "license": "MIT"
    },
    "node_modules/vue": {
      "version": "2.6.14",
      "resolved": "https://registry.npmjs.org/vue/-/vue-2.6.14.tgz",
      "integrity": "sha512-x2284lgYvjOMj3Za7kqzRcUSxBboHqtgRE2zlos1qWaOye5yUmHn42LB1250NJBLRwEcdrB0JRwyPTEPhfQjiQ==",
      "deprecated": "Vue 2 has reached EOL and is no longer actively maintained. See https://v2.vuejs.org/eol/ for more details.",
      "dev": true,
      "license": "MIT",
      "peer": true
    },
    "node_modules/vue-cli-service": {
      "version": "5.0.10",
      "resolved": "https://registry.npmjs.org/vue-cli-service/-/vue-cli-service-5.0.10.tgz",
      "integrity": "sha512-j4+wxqjaHsgphWsQsDs0ET1TWSu+dW5syxk5MloTp6BsQ9dpN+SB0nq253thS6konMC+YiQLHxbf73ytrTHoRA==",
      "license": "UNLICENSED",
      "bin": {
        "vue-cli-service": "wrapper.sh"
      }
    }
  }
}
